
Microsoft Visual Studio Solution File, Format Version 10.00
# Visual Studio 2008
Project("{8BC9CEB8-8B4A-11D0-8D11-00A0C91BC942}") = "DibConv", "DibConv.vcproj", "{F7F4E414-E96D-48A2-8EB3-603BD7094044}"
EndProject
Global
	GlobalSection(SolutionConfigurationPlatforms) = preSolution
		Debug|Win32 = Debug|Win32
		Release|Win32 = Release|Win32
	EndGlobalSection
	GlobalSection(ProjectConfigurationPlatforms) = postSolution
		{F7F4E414-E96D-48A2-8EB3-603BD7094044}.Debug|Win32.ActiveCfg = Debug|Win32
		{F7F4E414-E96D-48A2-8EB3-603BD7094044}.Debug|Win32.Build.0 = Debug|Win32
		{F7F4E414-E96D-48A2-8EB3-603BD7094044}.Release|Win32.ActiveCfg = Release|Win32
		{F7F4E414-E96D-48A2-8EB3-603BD7094044}.Release|Win32.Build.0 = Release|Win32
	EndGlobalSection
	GlobalSection(SolutionProperties) = preSolution
		HideSolutionNode = FALSE
	EndGlobalSection
EndGlobal
