
Microsoft Visual Studio Solution File, Format Version 10.00
# Visual Studio 2008
Project("{8BC9CEB8-8B4A-11D0-8D11-00A0C91BC942}") = "BigJob1", "BigJob1.vcproj", "{89C2031B-8FF0-40A6-B325-342484CCBD76}"
EndProject
Global
	GlobalSection(SolutionConfigurationPlatforms) = preSolution
		Debug|Win32 = Debug|Win32
		Release|Win32 = Release|Win32
	EndGlobalSection
	GlobalSection(ProjectConfigurationPlatforms) = postSolution
		{89C2031B-8FF0-40A6-B325-342484CCBD76}.Debug|Win32.ActiveCfg = Debug|Win32
		{89C2031B-8FF0-40A6-B325-342484CCBD76}.Debug|Win32.Build.0 = Debug|Win32
		{89C2031B-8FF0-40A6-B325-342484CCBD76}.Release|Win32.ActiveCfg = Release|Win32
		{89C2031B-8FF0-40A6-B325-342484CCBD76}.Release|Win32.Build.0 = Release|Win32
	EndGlobalSection
	GlobalSection(SolutionProperties) = preSolution
		HideSolutionNode = FALSE
	EndGlobalSection
EndGlobal
