
Microsoft Visual Studio Solution File, Format Version 10.00
# Visual Studio 2008
Project("{8BC9CEB8-8B4A-11D0-8D11-00A0C91BC942}") = "Connect", "Connect.vcproj", "{2AB533E8-0283-416B-B10B-5FB48D8EFCCD}"
EndProject
Global
	GlobalSection(SolutionConfigurationPlatforms) = preSolution
		Debug|Win32 = Debug|Win32
		Release|Win32 = Release|Win32
	EndGlobalSection
	GlobalSection(ProjectConfigurationPlatforms) = postSolution
		{2AB533E8-0283-416B-B10B-5FB48D8EFCCD}.Debug|Win32.ActiveCfg = Debug|Win32
		{2AB533E8-0283-416B-B10B-5FB48D8EFCCD}.Debug|Win32.Build.0 = Debug|Win32
		{2AB533E8-0283-416B-B10B-5FB48D8EFCCD}.Release|Win32.ActiveCfg = Release|Win32
		{2AB533E8-0283-416B-B10B-5FB48D8EFCCD}.Release|Win32.Build.0 = Release|Win32
	EndGlobalSection
	GlobalSection(SolutionProperties) = preSolution
		HideSolutionNode = FALSE
	EndGlobalSection
EndGlobal
