
Microsoft Visual Studio Solution File, Format Version 10.00
# Visual Studio 2008
Project("{8BC9CEB8-8B4A-11D0-8D11-00A0C91BC942}") = "PopPad1", "PopPad1.vcproj", "{9BC6E18B-7DA5-4F7D-AA7E-DD89DADA0369}"
EndProject
Global
	GlobalSection(SolutionConfigurationPlatforms) = preSolution
		Debug|Win32 = Debug|Win32
		Release|Win32 = Release|Win32
	EndGlobalSection
	GlobalSection(ProjectConfigurationPlatforms) = postSolution
		{9BC6E18B-7DA5-4F7D-AA7E-DD89DADA0369}.Debug|Win32.ActiveCfg = Debug|Win32
		{9BC6E18B-7DA5-4F7D-AA7E-DD89DADA0369}.Debug|Win32.Build.0 = Debug|Win32
		{9BC6E18B-7DA5-4F7D-AA7E-DD89DADA0369}.Release|Win32.ActiveCfg = Release|Win32
		{9BC6E18B-7DA5-4F7D-AA7E-DD89DADA0369}.Release|Win32.Build.0 = Release|Win32
	EndGlobalSection
	GlobalSection(SolutionProperties) = preSolution
		HideSolutionNode = FALSE
	EndGlobalSection
EndGlobal
