
Microsoft Visual Studio Solution File, Format Version 10.00
# Visual Studio 2008
Project("{8BC9CEB8-8B4A-11D0-8D11-00A0C91BC942}") = "PoorMenu", "PoorMenu.vcproj", "{60CE644A-8EC8-409A-B992-3B506FD25259}"
EndProject
Global
	GlobalSection(SolutionConfigurationPlatforms) = preSolution
		Debug|Win32 = Debug|Win32
		Release|Win32 = Release|Win32
	EndGlobalSection
	GlobalSection(ProjectConfigurationPlatforms) = postSolution
		{60CE644A-8EC8-409A-B992-3B506FD25259}.Debug|Win32.ActiveCfg = Debug|Win32
		{60CE644A-8EC8-409A-B992-3B506FD25259}.Debug|Win32.Build.0 = Debug|Win32
		{60CE644A-8EC8-409A-B992-3B506FD25259}.Release|Win32.ActiveCfg = Release|Win32
		{60CE644A-8EC8-409A-B992-3B506FD25259}.Release|Win32.Build.0 = Release|Win32
	EndGlobalSection
	GlobalSection(SolutionProperties) = preSolution
		HideSolutionNode = FALSE
	EndGlobalSection
EndGlobal
