
Microsoft Visual Studio Solution File, Format Version 10.00
# Visual Studio 2008
Project("{8BC9CEB8-8B4A-11D0-8D11-00A0C91BC942}") = "Record3", "Record3.vcproj", "{F5E72A9A-39AC-4E42-8396-0F30855C593C}"
EndProject
Global
	GlobalSection(SolutionConfigurationPlatforms) = preSolution
		Debug|Win32 = Debug|Win32
		Release|Win32 = Release|Win32
	EndGlobalSection
	GlobalSection(ProjectConfigurationPlatforms) = postSolution
		{F5E72A9A-39AC-4E42-8396-0F30855C593C}.Debug|Win32.ActiveCfg = Debug|Win32
		{F5E72A9A-39AC-4E42-8396-0F30855C593C}.Debug|Win32.Build.0 = Debug|Win32
		{F5E72A9A-39AC-4E42-8396-0F30855C593C}.Release|Win32.ActiveCfg = Release|Win32
		{F5E72A9A-39AC-4E42-8396-0F30855C593C}.Release|Win32.Build.0 = Release|Win32
	EndGlobalSection
	GlobalSection(SolutionProperties) = preSolution
		HideSolutionNode = FALSE
	EndGlobalSection
EndGlobal
