
Microsoft Visual Studio Solution File, Format Version 10.00
# Visual Studio 2008
Project("{8BC9CEB8-8B4A-11D0-8D11-00A0C91BC942}") = "Emf3", "Emf3.vcproj", "{2932A16E-E530-486A-B91D-8D8EA7388F08}"
EndProject
Global
	GlobalSection(SolutionConfigurationPlatforms) = preSolution
		Debug|Win32 = Debug|Win32
		Release|Win32 = Release|Win32
	EndGlobalSection
	GlobalSection(ProjectConfigurationPlatforms) = postSolution
		{2932A16E-E530-486A-B91D-8D8EA7388F08}.Debug|Win32.ActiveCfg = Debug|Win32
		{2932A16E-E530-486A-B91D-8D8EA7388F08}.Debug|Win32.Build.0 = Debug|Win32
		{2932A16E-E530-486A-B91D-8D8EA7388F08}.Release|Win32.ActiveCfg = Release|Win32
		{2932A16E-E530-486A-B91D-8D8EA7388F08}.Release|Win32.Build.0 = Release|Win32
	EndGlobalSection
	GlobalSection(SolutionProperties) = preSolution
		HideSolutionNode = FALSE
	EndGlobalSection
EndGlobal
