
Microsoft Visual Studio Solution File, Format Version 10.00
# Visual Studio 2008
Project("{8BC9CEB8-8B4A-11D0-8D11-00A0C91BC942}") = "SysPal3", "SysPal3.vcproj", "{B62C3C7B-2DCA-42C1-890C-0EDD79FF01AA}"
EndProject
Global
	GlobalSection(SolutionConfigurationPlatforms) = preSolution
		Debug|Win32 = Debug|Win32
		Release|Win32 = Release|Win32
	EndGlobalSection
	GlobalSection(ProjectConfigurationPlatforms) = postSolution
		{B62C3C7B-2DCA-42C1-890C-0EDD79FF01AA}.Debug|Win32.ActiveCfg = Debug|Win32
		{B62C3C7B-2DCA-42C1-890C-0EDD79FF01AA}.Debug|Win32.Build.0 = Debug|Win32
		{B62C3C7B-2DCA-42C1-890C-0EDD79FF01AA}.Release|Win32.ActiveCfg = Release|Win32
		{B62C3C7B-2DCA-42C1-890C-0EDD79FF01AA}.Release|Win32.Build.0 = Release|Win32
	EndGlobalSection
	GlobalSection(SolutionProperties) = preSolution
		HideSolutionNode = FALSE
	EndGlobalSection
EndGlobal
