
Microsoft Visual Studio Solution File, Format Version 10.00
# Visual Studio 2008
Project("{8BC9CEB8-8B4A-11D0-8D11-00A0C91BC942}") = "Emf6", "Emf6.vcproj", "{AE6DA63F-3879-4CF0-B47C-64021AE16332}"
EndProject
Global
	GlobalSection(SolutionConfigurationPlatforms) = preSolution
		Debug|Win32 = Debug|Win32
		Release|Win32 = Release|Win32
	EndGlobalSection
	GlobalSection(ProjectConfigurationPlatforms) = postSolution
		{AE6DA63F-3879-4CF0-B47C-64021AE16332}.Debug|Win32.ActiveCfg = Debug|Win32
		{AE6DA63F-3879-4CF0-B47C-64021AE16332}.Debug|Win32.Build.0 = Debug|Win32
		{AE6DA63F-3879-4CF0-B47C-64021AE16332}.Release|Win32.ActiveCfg = Release|Win32
		{AE6DA63F-3879-4CF0-B47C-64021AE16332}.Release|Win32.Build.0 = Release|Win32
	EndGlobalSection
	GlobalSection(SolutionProperties) = preSolution
		HideSolutionNode = FALSE
	EndGlobalSection
EndGlobal
