
Microsoft Visual Studio Solution File, Format Version 10.00
# Visual Studio 2008
Project("{8BC9CEB8-8B4A-11D0-8D11-00A0C91BC942}") = "Emf2", "Emf2.vcproj", "{55F6B626-0E3E-4360-ACE4-CDCA6722B09C}"
EndProject
Global
	GlobalSection(SolutionConfigurationPlatforms) = preSolution
		Debug|Win32 = Debug|Win32
		Release|Win32 = Release|Win32
	EndGlobalSection
	GlobalSection(ProjectConfigurationPlatforms) = postSolution
		{55F6B626-0E3E-4360-ACE4-CDCA6722B09C}.Debug|Win32.ActiveCfg = Debug|Win32
		{55F6B626-0E3E-4360-ACE4-CDCA6722B09C}.Debug|Win32.Build.0 = Debug|Win32
		{55F6B626-0E3E-4360-ACE4-CDCA6722B09C}.Release|Win32.ActiveCfg = Release|Win32
		{55F6B626-0E3E-4360-ACE4-CDCA6722B09C}.Release|Win32.Build.0 = Release|Win32
	EndGlobalSection
	GlobalSection(SolutionProperties) = preSolution
		HideSolutionNode = FALSE
	EndGlobalSection
EndGlobal
