
Microsoft Visual Studio Solution File, Format Version 10.00
# Visual Studio 2008
Project("{8BC9CEB8-8B4A-11D0-8D11-00A0C91BC942}") = "Checker3", "Checker3.vcproj", "{E831DDE2-EED4-4F96-99E3-7F8326B42538}"
EndProject
Global
	GlobalSection(SolutionConfigurationPlatforms) = preSolution
		Debug|Win32 = Debug|Win32
		Release|Win32 = Release|Win32
	EndGlobalSection
	GlobalSection(ProjectConfigurationPlatforms) = postSolution
		{E831DDE2-EED4-4F96-99E3-7F8326B42538}.Debug|Win32.ActiveCfg = Debug|Win32
		{E831DDE2-EED4-4F96-99E3-7F8326B42538}.Debug|Win32.Build.0 = Debug|Win32
		{E831DDE2-EED4-4F96-99E3-7F8326B42538}.Release|Win32.ActiveCfg = Release|Win32
		{E831DDE2-EED4-4F96-99E3-7F8326B42538}.Release|Win32.Build.0 = Release|Win32
	EndGlobalSection
	GlobalSection(SolutionProperties) = preSolution
		HideSolutionNode = FALSE
	EndGlobalSection
EndGlobal
