
Microsoft Visual Studio Solution File, Format Version 10.00
# Visual Studio 2008
Project("{8BC9CEB8-8B4A-11D0-8D11-00A0C91BC942}") = "RandRect", "RandRect.vcproj", "{F30238AC-6AD6-4043-A875-5BD7741B617D}"
EndProject
Global
	GlobalSection(SolutionConfigurationPlatforms) = preSolution
		Debug|Win32 = Debug|Win32
		Release|Win32 = Release|Win32
	EndGlobalSection
	GlobalSection(ProjectConfigurationPlatforms) = postSolution
		{F30238AC-6AD6-4043-A875-5BD7741B617D}.Debug|Win32.ActiveCfg = Debug|Win32
		{F30238AC-6AD6-4043-A875-5BD7741B617D}.Debug|Win32.Build.0 = Debug|Win32
		{F30238AC-6AD6-4043-A875-5BD7741B617D}.Release|Win32.ActiveCfg = Release|Win32
		{F30238AC-6AD6-4043-A875-5BD7741B617D}.Release|Win32.Build.0 = Release|Win32
	EndGlobalSection
	GlobalSection(SolutionProperties) = preSolution
		HideSolutionNode = FALSE
	EndGlobalSection
EndGlobal
