
Microsoft Visual Studio Solution File, Format Version 10.00
# Visual Studio 2008
Project("{8BC9CEB8-8B4A-11D0-8D11-00A0C91BC942}") = "Unichars", "Unichars.vcproj", "{BD5A1242-75EE-45BD-B87D-A0B4EA9DFA51}"
EndProject
Global
	GlobalSection(SolutionConfigurationPlatforms) = preSolution
		Debug|Win32 = Debug|Win32
		Release|Win32 = Release|Win32
	EndGlobalSection
	GlobalSection(ProjectConfigurationPlatforms) = postSolution
		{BD5A1242-75EE-45BD-B87D-A0B4EA9DFA51}.Debug|Win32.ActiveCfg = Debug|Win32
		{BD5A1242-75EE-45BD-B87D-A0B4EA9DFA51}.Debug|Win32.Build.0 = Debug|Win32
		{BD5A1242-75EE-45BD-B87D-A0B4EA9DFA51}.Release|Win32.ActiveCfg = Release|Win32
		{BD5A1242-75EE-45BD-B87D-A0B4EA9DFA51}.Release|Win32.Build.0 = Release|Win32
	EndGlobalSection
	GlobalSection(SolutionProperties) = preSolution
		HideSolutionNode = FALSE
	EndGlobalSection
EndGlobal
