
Microsoft Visual Studio Solution File, Format Version 10.00
# Visual Studio 2008
Project("{8BC9CEB8-8B4A-11D0-8D11-00A0C91BC942}") = "Typer", "Typer.vcproj", "{43874185-83B8-48CE-AE82-F704D5EC995D}"
EndProject
Global
	GlobalSection(SolutionConfigurationPlatforms) = preSolution
		Debug|Win32 = Debug|Win32
		Release|Win32 = Release|Win32
	EndGlobalSection
	GlobalSection(ProjectConfigurationPlatforms) = postSolution
		{43874185-83B8-48CE-AE82-F704D5EC995D}.Debug|Win32.ActiveCfg = Debug|Win32
		{43874185-83B8-48CE-AE82-F704D5EC995D}.Debug|Win32.Build.0 = Debug|Win32
		{43874185-83B8-48CE-AE82-F704D5EC995D}.Release|Win32.ActiveCfg = Release|Win32
		{43874185-83B8-48CE-AE82-F704D5EC995D}.Release|Win32.Build.0 = Release|Win32
	EndGlobalSection
	GlobalSection(SolutionProperties) = preSolution
		HideSolutionNode = FALSE
	EndGlobalSection
EndGlobal
