
Microsoft Visual Studio Solution File, Format Version 10.00
# Visual Studio 2008
Project("{8BC9CEB8-8B4A-11D0-8D11-00A0C91BC942}") = "Checker1", "Checker1.vcproj", "{0272C250-FC9E-45B7-B48E-3B37D5807C73}"
EndProject
Global
	GlobalSection(SolutionConfigurationPlatforms) = preSolution
		Debug|Win32 = Debug|Win32
		Release|Win32 = Release|Win32
	EndGlobalSection
	GlobalSection(ProjectConfigurationPlatforms) = postSolution
		{0272C250-FC9E-45B7-B48E-3B37D5807C73}.Debug|Win32.ActiveCfg = Debug|Win32
		{0272C250-FC9E-45B7-B48E-3B37D5807C73}.Debug|Win32.Build.0 = Debug|Win32
		{0272C250-FC9E-45B7-B48E-3B37D5807C73}.Release|Win32.ActiveCfg = Release|Win32
		{0272C250-FC9E-45B7-B48E-3B37D5807C73}.Release|Win32.Build.0 = Release|Win32
	EndGlobalSection
	GlobalSection(SolutionProperties) = preSolution
		HideSolutionNode = FALSE
	EndGlobalSection
EndGlobal
