
Microsoft Visual Studio Solution File, Format Version 10.00
# Visual Studio 2008
Project("{8BC9CEB8-8B4A-11D0-8D11-00A0C91BC942}") = "AddSynth", "AddSynth.vcproj", "{91B88F85-C957-47A8-B932-93297D1240C7}"
EndProject
Global
	GlobalSection(SolutionConfigurationPlatforms) = preSolution
		Debug|Win32 = Debug|Win32
		Release|Win32 = Release|Win32
	EndGlobalSection
	GlobalSection(ProjectConfigurationPlatforms) = postSolution
		{91B88F85-C957-47A8-B932-93297D1240C7}.Debug|Win32.ActiveCfg = Debug|Win32
		{91B88F85-C957-47A8-B932-93297D1240C7}.Debug|Win32.Build.0 = Debug|Win32
		{91B88F85-C957-47A8-B932-93297D1240C7}.Release|Win32.ActiveCfg = Release|Win32
		{91B88F85-C957-47A8-B932-93297D1240C7}.Release|Win32.Build.0 = Release|Win32
	EndGlobalSection
	GlobalSection(SolutionProperties) = preSolution
		HideSolutionNode = FALSE
	EndGlobalSection
EndGlobal
