
Microsoft Visual Studio Solution File, Format Version 10.00
# Visual Studio 2008
Project("{8BC9CEB8-8B4A-11D0-8D11-00A0C91BC942}") = "SineWave", "SineWave.vcproj", "{3247573C-2564-4056-AA1F-73660E07090B}"
EndProject
Global
	GlobalSection(SolutionConfigurationPlatforms) = preSolution
		Debug|Win32 = Debug|Win32
		Release|Win32 = Release|Win32
	EndGlobalSection
	GlobalSection(ProjectConfigurationPlatforms) = postSolution
		{3247573C-2564-4056-AA1F-73660E07090B}.Debug|Win32.ActiveCfg = Debug|Win32
		{3247573C-2564-4056-AA1F-73660E07090B}.Debug|Win32.Build.0 = Debug|Win32
		{3247573C-2564-4056-AA1F-73660E07090B}.Release|Win32.ActiveCfg = Release|Win32
		{3247573C-2564-4056-AA1F-73660E07090B}.Release|Win32.Build.0 = Release|Win32
	EndGlobalSection
	GlobalSection(SolutionProperties) = preSolution
		HideSolutionNode = FALSE
	EndGlobalSection
EndGlobal
