
Microsoft Visual Studio Solution File, Format Version 10.00
# Visual Studio 2008
Project("{8BC9CEB8-8B4A-11D0-8D11-00A0C91BC942}") = "GrafMenu", "GrafMenu.vcproj", "{A64390BE-785F-4A77-ADFF-5AC88F581B47}"
EndProject
Global
	GlobalSection(SolutionConfigurationPlatforms) = preSolution
		Debug|Win32 = Debug|Win32
		Release|Win32 = Release|Win32
	EndGlobalSection
	GlobalSection(ProjectConfigurationPlatforms) = postSolution
		{A64390BE-785F-4A77-ADFF-5AC88F581B47}.Debug|Win32.ActiveCfg = Debug|Win32
		{A64390BE-785F-4A77-ADFF-5AC88F581B47}.Debug|Win32.Build.0 = Debug|Win32
		{A64390BE-785F-4A77-ADFF-5AC88F581B47}.Release|Win32.ActiveCfg = Release|Win32
		{A64390BE-785F-4A77-ADFF-5AC88F581B47}.Release|Win32.Build.0 = Release|Win32
	EndGlobalSection
	GlobalSection(SolutionProperties) = preSolution
		HideSolutionNode = FALSE
	EndGlobalSection
EndGlobal
