
Microsoft Visual Studio Solution File, Format Version 10.00
# Visual Studio 2008
Project("{8BC9CEB8-8B4A-11D0-8D11-00A0C91BC942}") = "Beeper1", "Beeper1.vcproj", "{F62C2596-15B2-44C0-9A7D-4AFB8362D382}"
EndProject
Global
	GlobalSection(SolutionConfigurationPlatforms) = preSolution
		Debug|Win32 = Debug|Win32
		Release|Win32 = Release|Win32
	EndGlobalSection
	GlobalSection(ProjectConfigurationPlatforms) = postSolution
		{F62C2596-15B2-44C0-9A7D-4AFB8362D382}.Debug|Win32.ActiveCfg = Debug|Win32
		{F62C2596-15B2-44C0-9A7D-4AFB8362D382}.Debug|Win32.Build.0 = Debug|Win32
		{F62C2596-15B2-44C0-9A7D-4AFB8362D382}.Release|Win32.ActiveCfg = Release|Win32
		{F62C2596-15B2-44C0-9A7D-4AFB8362D382}.Release|Win32.Build.0 = Release|Win32
	EndGlobalSection
	GlobalSection(SolutionProperties) = preSolution
		HideSolutionNode = FALSE
	EndGlobalSection
EndGlobal
