
Microsoft Visual Studio Solution File, Format Version 10.00
# Visual Studio 2008
Project("{8BC9CEB8-8B4A-11D0-8D11-00A0C91BC942}") = "SeqDisp", "SeqDisp.vcproj", "{A78C6805-F2DC-4362-8822-2652E40B93BA}"
EndProject
Global
	GlobalSection(SolutionConfigurationPlatforms) = preSolution
		Debug|Win32 = Debug|Win32
		Release|Win32 = Release|Win32
	EndGlobalSection
	GlobalSection(ProjectConfigurationPlatforms) = postSolution
		{A78C6805-F2DC-4362-8822-2652E40B93BA}.Debug|Win32.ActiveCfg = Debug|Win32
		{A78C6805-F2DC-4362-8822-2652E40B93BA}.Debug|Win32.Build.0 = Debug|Win32
		{A78C6805-F2DC-4362-8822-2652E40B93BA}.Release|Win32.ActiveCfg = Release|Win32
		{A78C6805-F2DC-4362-8822-2652E40B93BA}.Release|Win32.Build.0 = Release|Win32
	EndGlobalSection
	GlobalSection(SolutionProperties) = preSolution
		HideSolutionNode = FALSE
	EndGlobalSection
EndGlobal
